
Microsoft Visual Studio Solution File, Format Version 12.00
# Visual Studio Version 17
VisualStudioVersion = 17.7.34031.279
MinimumVisualStudioVersion = 10.0.40219.1
Project("{FAE04EC0-301F-11D3-BF4B-00C04F79EFBC}") = "testeCRUD2", "testeCRUD2.csproj", "{3DF92D0B-AF42-47E7-A30E-BB4015C05E0B}"
EndProject
Global
	GlobalSection(SolutionConfigurationPlatforms) = preSolution
		Debug|Any CPU = Debug|Any CPU
		Release|Any CPU = Release|Any CPU
	EndGlobalSection
	GlobalSection(ProjectConfigurationPlatforms) = postSolution
		{3DF92D0B-AF42-47E7-A30E-BB4015C05E0B}.Debug|Any CPU.ActiveCfg = Debug|Any CPU
		{3DF92D0B-AF42-47E7-A30E-BB4015C05E0B}.Debug|Any CPU.Build.0 = Debug|Any CPU
		{3DF92D0B-AF42-47E7-A30E-BB4015C05E0B}.Release|Any CPU.ActiveCfg = Release|Any CPU
		{3DF92D0B-AF42-47E7-A30E-BB4015C05E0B}.Release|Any CPU.Build.0 = Release|Any CPU
	EndGlobalSection
	GlobalSection(SolutionProperties) = preSolution
		HideSolutionNode = FALSE
	EndGlobalSection
	GlobalSection(ExtensibilityGlobals) = postSolution
		SolutionGuid = {85366F26-3E4D-4AD0-8B77-61359C3CC94D}
	EndGlobalSection
EndGlobal
